
Microsoft Visual Studio Solution File, Format Version 11.00
# Visual Studio 2010
Project("{FAE04EC0-301F-11D3-BF4B-00C04F79EFBC}") = "Sweep Floor", "Assembly-CSharp.csproj", "{3E85AD6F-9A9F-1174-E874-99A14EC455FE}"
EndProject
Project("{FAE04EC0-301F-11D3-BF4B-00C04F79EFBC}") = "Sweep Floor", "Assembly-CSharp-Editor.csproj", "{0EBCC97D-3E68-BC15-F000-5BEBFDB6616A}"
EndProject
Global
	GlobalSection(SolutionConfigurationPlatforms) = preSolution
		Debug|Any CPU = Debug|Any CPU
		Release|Any CPU = Release|Any CPU
	EndGlobalSection
	GlobalSection(ProjectConfigurationPlatforms) = postSolution
		{3E85AD6F-9A9F-1174-E874-99A14EC455FE}.Debug|Any CPU.ActiveCfg = Debug|Any CPU
		{3E85AD6F-9A9F-1174-E874-99A14EC455FE}.Debug|Any CPU.Build.0 = Debug|Any CPU
		{3E85AD6F-9A9F-1174-E874-99A14EC455FE}.Release|Any CPU.ActiveCfg = Release|Any CPU
		{3E85AD6F-9A9F-1174-E874-99A14EC455FE}.Release|Any CPU.Build.0 = Release|Any CPU
		{0EBCC97D-3E68-BC15-F000-5BEBFDB6616A}.Debug|Any CPU.ActiveCfg = Debug|Any CPU
		{0EBCC97D-3E68-BC15-F000-5BEBFDB6616A}.Debug|Any CPU.Build.0 = Debug|Any CPU
		{0EBCC97D-3E68-BC15-F000-5BEBFDB6616A}.Release|Any CPU.ActiveCfg = Release|Any CPU
		{0EBCC97D-3E68-BC15-F000-5BEBFDB6616A}.Release|Any CPU.Build.0 = Release|Any CPU
	EndGlobalSection
	GlobalSection(SolutionProperties) = preSolution
		HideSolutionNode = FALSE
	EndGlobalSection
	GlobalSection(MonoDevelopProperties) = preSolution
		StartupItem = Assembly-CSharp.csproj
	EndGlobalSection
EndGlobal
